
Microsoft Visual Studio Solution File, Format Version 12.00
# Visual Studio Version 17
VisualStudioVersion = 17.1.32210.238
MinimumVisualStudioVersion = 10.0.40219.1
Project("{FAE04EC0-301F-11D3-BF4B-00C04F79EFBC}") = "Operators", "Operators\Operators.csproj", "{AE2FAA68-06F9-49F8-BDED-5AB5B3063072}"
EndProject
Global
	GlobalSection(SolutionConfigurationPlatforms) = preSolution
		Debug|Any CPU = Debug|Any CPU
		Release|Any CPU = Release|Any CPU
	EndGlobalSection
	GlobalSection(ProjectConfigurationPlatforms) = postSolution
		{AE2FAA68-06F9-49F8-BDED-5AB5B3063072}.Debug|Any CPU.ActiveCfg = Debug|Any CPU
		{AE2FAA68-06F9-49F8-BDED-5AB5B3063072}.Debug|Any CPU.Build.0 = Debug|Any CPU
		{AE2FAA68-06F9-49F8-BDED-5AB5B3063072}.Release|Any CPU.ActiveCfg = Release|Any CPU
		{AE2FAA68-06F9-49F8-BDED-5AB5B3063072}.Release|Any CPU.Build.0 = Release|Any CPU
	EndGlobalSection
	GlobalSection(SolutionProperties) = preSolution
		HideSolutionNode = FALSE
	EndGlobalSection
	GlobalSection(ExtensibilityGlobals) = postSolution
		SolutionGuid = {1FD4FF8A-1834-4E7E-9F8C-91302F785A10}
	EndGlobalSection
EndGlobal
